
Microsoft Visual Studio Solution File, Format Version 12.00
# Visual Studio Version 17
VisualStudioVersion = 17.14.36623.8 d17.14
MinimumVisualStudioVersion = 10.0.40219.1
Project("{FAE04EC0-301F-11D3-BF4B-00C04F79EFBC}") = "Bai01", "Bai01.csproj", "{2F6512F3-7B08-43C6-A656-BC56675120E5}"
EndProject
Global
	GlobalSection(SolutionConfigurationPlatforms) = preSolution
		Debug|Any CPU = Debug|Any CPU
		Release|Any CPU = Release|Any CPU
	EndGlobalSection
	GlobalSection(ProjectConfigurationPlatforms) = postSolution
		{2F6512F3-7B08-43C6-A656-BC56675120E5}.Debug|Any CPU.ActiveCfg = Debug|Any CPU
		{2F6512F3-7B08-43C6-A656-BC56675120E5}.Debug|Any CPU.Build.0 = Debug|Any CPU
		{2F6512F3-7B08-43C6-A656-BC56675120E5}.Release|Any CPU.ActiveCfg = Release|Any CPU
		{2F6512F3-7B08-43C6-A656-BC56675120E5}.Release|Any CPU.Build.0 = Release|Any CPU
	EndGlobalSection
	GlobalSection(SolutionProperties) = preSolution
		HideSolutionNode = FALSE
	EndGlobalSection
	GlobalSection(ExtensibilityGlobals) = postSolution
		SolutionGuid = {953DCDF7-D62C-4F0F-8DA2-F61FC9117B3D}
	EndGlobalSection
EndGlobal
