
Microsoft Visual Studio Solution File, Format Version 12.00
# Visual Studio Version 17
VisualStudioVersion = 17.14.36623.8 d17.14
MinimumVisualStudioVersion = 10.0.40219.1
Project("{FAE04EC0-301F-11D3-BF4B-00C04F79EFBC}") = "Bai02", "Bai02.csproj", "{EEACDD7F-1F60-4642-A2AC-77084D3EDA25}"
EndProject
Global
	GlobalSection(SolutionConfigurationPlatforms) = preSolution
		Debug|Any CPU = Debug|Any CPU
		Release|Any CPU = Release|Any CPU
	EndGlobalSection
	GlobalSection(ProjectConfigurationPlatforms) = postSolution
		{EEACDD7F-1F60-4642-A2AC-77084D3EDA25}.Debug|Any CPU.ActiveCfg = Debug|Any CPU
		{EEACDD7F-1F60-4642-A2AC-77084D3EDA25}.Debug|Any CPU.Build.0 = Debug|Any CPU
		{EEACDD7F-1F60-4642-A2AC-77084D3EDA25}.Release|Any CPU.ActiveCfg = Release|Any CPU
		{EEACDD7F-1F60-4642-A2AC-77084D3EDA25}.Release|Any CPU.Build.0 = Release|Any CPU
	EndGlobalSection
	GlobalSection(SolutionProperties) = preSolution
		HideSolutionNode = FALSE
	EndGlobalSection
	GlobalSection(ExtensibilityGlobals) = postSolution
		SolutionGuid = {E65D21B3-8883-415E-BF89-34394D170A8F}
	EndGlobalSection
EndGlobal
