
Microsoft Visual Studio Solution File, Format Version 12.00
# Visual Studio Version 17
VisualStudioVersion = 17.14.36623.8 d17.14
MinimumVisualStudioVersion = 10.0.40219.1
Project("{FAE04EC0-301F-11D3-BF4B-00C04F79EFBC}") = "Bai04", "Bai04.csproj", "{413A97BB-E24E-4A70-909F-EEFB7E69B85F}"
EndProject
Global
	GlobalSection(SolutionConfigurationPlatforms) = preSolution
		Debug|Any CPU = Debug|Any CPU
		Release|Any CPU = Release|Any CPU
	EndGlobalSection
	GlobalSection(ProjectConfigurationPlatforms) = postSolution
		{413A97BB-E24E-4A70-909F-EEFB7E69B85F}.Debug|Any CPU.ActiveCfg = Debug|Any CPU
		{413A97BB-E24E-4A70-909F-EEFB7E69B85F}.Debug|Any CPU.Build.0 = Debug|Any CPU
		{413A97BB-E24E-4A70-909F-EEFB7E69B85F}.Release|Any CPU.ActiveCfg = Release|Any CPU
		{413A97BB-E24E-4A70-909F-EEFB7E69B85F}.Release|Any CPU.Build.0 = Release|Any CPU
	EndGlobalSection
	GlobalSection(SolutionProperties) = preSolution
		HideSolutionNode = FALSE
	EndGlobalSection
	GlobalSection(ExtensibilityGlobals) = postSolution
		SolutionGuid = {2CD04A93-8B8B-4B00-A808-DD3118DA4349}
	EndGlobalSection
EndGlobal
